// !$*UTF8*$!
{
	archiveVersion = 1;
	classes = {
	};
	objectVersion = 50;
	objects = {

/* Begin PBXBuildFile section */
		F296C61F26F39581000D7BEF /* AppDelegate.swift in Sources */ = {isa = PBXBuildFile; fileRef = F296C61E26F39581000D7BEF /* AppDelegate.swift */; };
		F296C62126F39581000D7BEF /* SceneDelegate.swift in Sources */ = {isa = PBXBuildFile; fileRef = F296C62026F39581000D7BEF /* SceneDelegate.swift */; };
		F296C62326F39581000D7BEF /* ContentView.swift in Sources */ = {isa = PBXBuildFile; fileRef = F296C62226F39581000D7BEF /* ContentView.swift */; };
		F296C62526F39584000D7BEF /* Assets.xcassets in Resources */ = {isa = PBXBuildFile; fileRef = F296C62426F39584000D7BEF /* Assets.xcassets */; };
		F296C62826F39584000D7BEF /* Preview Assets.xcassets in Resources */ = {isa = PBXBuildFile; fileRef = F296C62726F39584000D7BEF /* Preview Assets.xcassets */; };
		F296C62B26F39584000D7BEF /* LaunchScreen.storyboard in Resources */ = {isa = PBXBuildFile; fileRef = F296C62926F39584000D7BEF /* LaunchScreen.storyboard */; };
		F296C63326F396DC000D7BEF /* MyMapView.swift in Sources */ = {isa = PBXBuildFile; fileRef = F296C63226F396DC000D7BEF /* MyMapView.swift */; };
/* End PBXBuildFile section */

/* Begin PBXFileReference section */
		F296C61B26F39581000D7BEF /* Map_tutorial.app */ = {isa = PBXFileReference; explicitFileType = wrapper.application; includeInIndex = 0; path = Map_tutorial.app; sourceTree = BUILT_PRODUCTS_DIR; };
		F296C61E26F39581000D7BEF /* AppDelegate.swift */ = {isa = PBXFileReference; lastKnownFileType = sourcecode.swift; path = AppDelegate.swift; sourceTree = "<group>"; };
		F296C62026F39581000D7BEF /* SceneDelegate.swift */ = {isa = PBXFileReference; lastKnownFileType = sourcecode.swift; path = SceneDelegate.swift; sourceTree = "<group>"; };
		F296C62226F39581000D7BEF /* ContentView.swift */ = {isa = PBXFileReference; lastKnownFileType = sourcecode.swift; path = ContentView.swift; sourceTree = "<group>"; };
		F296C62426F39584000D7BEF /* Assets.xcassets */ = {isa = PBXFileReference; lastKnownFileType = folder.assetcatalog; path = Assets.xcassets; sourceTree = "<group>"; };
		F296C62726F39584000D7BEF /* Preview Assets.xcassets */ = {isa = PBXFileReference; lastKnownFileType = folder.assetcatalog; path = "Preview Assets.xcassets"; sourceTree = "<group>"; };
		F296C62A26F39584000D7BEF /* Base */ = {isa = PBXFileReference; lastKnownFileType = file.storyboard; name = Base; path = Base.lproj/LaunchScreen.storyboard; sourceTree = "<group>"; };
		F296C62C26F39584000D7BEF /* Info.plist */ = {isa = PBXFileReference; lastKnownFileType = text.plist.xml; path = Info.plist; sourceTree = "<group>"; };
		F296C63226F396DC000D7BEF /* MyMapView.swift */ = {isa = PBXFileReference; lastKnownFileType = sourcecode.swift; path = MyMapView.swift; sourceTree = "<group>"; };
		F296C63426F39B1D000D7BEF /* DummyLocation.gpx */ = {isa = PBXFileReference; lastKnownFileType = text.xml; path = DummyLocation.gpx; sourceTree = "<group>"; };
/* End PBXFileReference section */

/* Begin PBXFrameworksBuildPhase section */
		F296C61826F39581000D7BEF /* Frameworks */ = {
			isa = PBXFrameworksBuildPhase;
			buildActionMask = 2147483647;
			files = (
			);
			runOnlyForDeploymentPostprocessing = 0;
		};
/* End PBXFrameworksBuildPhase section */

/* Begin PBXGroup section */
		F296C61226F39581000D7BEF = {
			isa = PBXGroup;
			children = (
				F296C61D26F39581000D7BEF /* Map_tutorial */,
				F296C61C26F39581000D7BEF /* Products */,
			);
			sourceTree = "<group>";
		};
		F296C61C26F39581000D7BEF /* Products */ = {
			isa = PBXGroup;
			children = (
				F296C61B26F39581000D7BEF /* Map_tutorial.app */,
			);
			name = Products;
			sourceTree = "<group>";
		};
		F296C61D26F39581000D7BEF /* Map_tutorial */ = {
			isa = PBXGroup;
			children = (
				F296C61E26F39581000D7BEF /* AppDelegate.swift */,
				F296C62026F39581000D7BEF /* SceneDelegate.swift */,
				F296C62226F39581000D7BEF /* ContentView.swift */,
				F296C63226F396DC000D7BEF /* MyMapView.swift */,
				F296C63426F39B1D000D7BEF /* DummyLocation.gpx */,
				F296C62426F39584000D7BEF /* Assets.xcassets */,
				F296C62926F39584000D7BEF /* LaunchScreen.storyboard */,
				F296C62C26F39584000D7BEF /* Info.plist */,
				F296C62626F39584000D7BEF /* Preview Content */,
			);
			path = Map_tutorial;
			sourceTree = "<group>";
		};
		F296C62626F39584000D7BEF /* Preview Content */ = {
			isa = PBXGroup;
			children = (
				F296C62726F39584000D7BEF /* Preview Assets.xcassets */,
			);
			path = "Preview Content";
			sourceTree = "<group>";
		};
/* End PBXGroup section */

/* Begin PBXNativeTarget section */
		F296C61A26F39581000D7BEF /* Map_tutorial */ = {
			isa = PBXNativeTarget;
			buildConfigurationList = F296C62F26F39584000D7BEF /* Build configuration list for PBXNativeTarget "Map_tutorial" */;
			buildPhases = (
				F296C61726F39581000D7BEF /* Sources */,
				F296C61826F39581000D7BEF /* Frameworks */,
				F296C61926F39581000D7BEF /* Resources */,
			);
			buildRules = (
			);
			dependencies = (
			);
			name = Map_tutorial;
			productName = Map_tutorial;
			productReference = F296C61B26F39581000D7BEF /* Map_tutorial.app */;
			productType = "com.apple.product-type.application";
		};
/* End PBXNativeTarget section */

/* Begin PBXProject section */
		F296C61326F39581000D7BEF /* Project object */ = {
			isa = PBXProject;
			attributes = {
				LastSwiftUpdateCheck = 1250;
				LastUpgradeCheck = 1250;
				TargetAttributes = {
					F296C61A26F39581000D7BEF = {
						CreatedOnToolsVersion = 12.5.1;
					};
				};
			};
			buildConfigurationList = F296C61626F39581000D7BEF /* Build configuration list for PBXProject "Map_tutorial" */;
			compatibilityVersion = "Xcode 9.3";
			developmentRegion = en;
			hasScannedForEncodings = 0;
			knownRegions = (
				en,
				Base,
			);
			mainGroup = F296C61226F39581000D7BEF;
			productRefGroup = F296C61C26F39581000D7BEF /* Products */;
			projectDirPath = "";
			projectRoot = "";
			targets = (
				F296C61A26F39581000D7BEF /* Map_tutorial */,
			);
		};
/* End PBXProject section */

/* Begin PBXResourcesBuildPhase section */
		F296C61926F39581000D7BEF /* Resources */ = {
			isa = PBXResourcesBuildPhase;
			buildActionMask = 2147483647;
			files = (
				F296C62B26F39584000D7BEF /* LaunchScreen.storyboard in Resources */,
				F296C62826F39584000D7BEF /* Preview Assets.xcassets in Resources */,
				F296C62526F39584000D7BEF /* Assets.xcassets in Resources */,
			);
			runOnlyForDeploymentPostprocessing = 0;
		};
/* End PBXResourcesBuildPhase section */

/* Begin PBXSourcesBuildPhase section */
		F296C61726F39581000D7BEF /* Sources */ = {
			isa = PBXSourcesBuildPhase;
			buildActionMask = 2147483647;
			files = (
				F296C61F26F39581000D7BEF /* AppDelegate.swift in Sources */,
				F296C63326F396DC000D7BEF /* MyMapView.swift in Sources */,
				F296C62126F39581000D7BEF /* SceneDelegate.swift in Sources */,
				F296C62326F39581000D7BEF /* ContentView.swift in Sources */,
			);
			runOnlyForDeploymentPostprocessing = 0;
		};
/* End PBXSourcesBuildPhase section */

/* Begin PBXVariantGroup section */
		F296C62926F39584000D7BEF /* LaunchScreen.storyboard */ = {
			isa = PBXVariantGroup;
			children = (
				F296C62A26F39584000D7BEF /* Base */,
			);
			name = LaunchScreen.storyboard;
			sourceTree = "<group>";
		};
/* End PBXVariantGroup section */

/* Begin XCBuildConfiguration section */
		F296C62D26F39584000D7BEF /* Debug */ = {
			isa = XCBuildConfiguration;
			buildSettings = {
				ALWAYS_SEARCH_USER_PATHS = NO;
				CLANG_ANALYZER_NONNULL = YES;
				CLANG_ANALYZER_NUMBER_OBJECT_CONVERSION = YES_AGGRESSIVE;
				CLANG_CXX_LANGUAGE_STANDARD = "gnu++14";
				CLANG_CXX_LIBRARY = "libc++";
				CLANG_ENABLE_MODULES = YES;
				CLANG_ENABLE_OBJC_ARC = YES;
				CLANG_ENABLE_OBJC_WEAK = YES;
				CLANG_WARN_BLOCK_CAPTURE_AUTORELEASING = YES;
				CLANG_WARN_BOOL_CONVERSION = YES;
				CLANG_WARN_COMMA = YES;
				CLANG_WARN_CONSTANT_CONVERSION = YES;
				CLANG_WARN_DEPRECATED_OBJC_IMPLEMENTATIONS = YES;
				CLANG_WARN_DIRECT_OBJC_ISA_USAGE = YES_ERROR;
				CLANG_WARN_DOCUMENTATION_COMMENTS = YES;
				CLANG_WARN_EMPTY_BODY = YES;
				CLANG_WARN_ENUM_CONVERSION = YES;
				CLANG_WARN_INFINITE_RECURSION = YES;
				CLANG_WARN_INT_CONVERSION = YES;
				CLANG_WARN_NON_LITERAL_NULL_CONVERSION = YES;
				CLANG_WARN_OBJC_IMPLICIT_RETAIN_SELF = YES;
				CLANG_WARN_OBJC_LITERAL_CONVERSION = YES;
				CLANG_WARN_OBJC_ROOT_CLASS = YES_ERROR;
				CLANG_WARN_QUOTED_INCLUDE_IN_FRAMEWORK_HEADER = YES;
				CLANG_WARN_RANGE_LOOP_ANALYSIS = YES;
				CLANG_WARN_STRICT_PROTOTYPES = YES;
				CLANG_WARN_SUSPICIOUS_MOVE = YES;
				CLANG_WARN_UNGUARDED_AVAILABILITY = YES_AGGRESSIVE;
				CLANG_WARN_UNREACHABLE_CODE = YES;
				CLANG_WARN__DUPLICATE_METHOD_MATCH = YES;
				COPY_PHASE_STRIP = NO;
				DEBUG_INFORMATION_FORMAT = dwarf;
				ENABLE_STRICT_OBJC_MSGSEND = YES;
				ENABLE_TESTABILITY = YES;
				GCC_C_LANGUAGE_STANDARD = gnu11;
				GCC_DYNAMIC_NO_PIC = NO;
				GCC_NO_COMMON_BLOCKS = YES;
				GCC_OPTIMIZATION_LEVEL = 0;
				GCC_PREPROCESSOR_DEFINITIONS = (
					"DEBUG=1",
					"$(inherited)",
				);
				GCC_WARN_64_TO_32_BIT_CONVERSION = YES;
				GCC_WARN_ABOUT_RETURN_TYPE = YES_ERROR;
				GCC_WARN_UNDECLARED_SELECTOR = YES;
				GCC_WARN_UNINITIALIZED_AUTOS = YES_AGGRESSIVE;
				GCC_WARN_UNUSED_FUNCTION = YES;
				GCC_WARN_UNUSED_VARIABLE = YES;
				IPHONEOS_DEPLOYMENT_TARGET = 13.0;
				MTL_ENABLE_DEBUG_INFO = INCLUDE_SOURCE;
				MTL_FAST_MATH = YES;
				ONLY_ACTIVE_ARCH = YES;
				SDKROOT = iphoneos;
				SWIFT_ACTIVE_COMPILATION_CONDITIONS = DEBUG;
				SWIFT_OPTIMIZATION_LEVEL = "-Onone";
			};
			name = Debug;
		};
		F296C62E26F39584000D7BEF /* Release */ = {
			isa = XCBuildConfiguration;
			buildSettings = {
				ALWAYS_SEARCH_USER_PATHS = NO;
				CLANG_ANALYZER_NONNULL = YES;
				CLANG_ANALYZER_NUMBER_OBJECT_CONVERSION = YES_AGGRESSIVE;
				CLANG_CXX_LANGUAGE_STANDARD = "gnu++14";
				CLANG_CXX_LIBRARY = "libc++";
				CLANG_ENABLE_MODULES = YES;
				CLANG_ENABLE_OBJC_ARC = YES;
				CLANG_ENABLE_OBJC_WEAK = YES;
				CLANG_WARN_BLOCK_CAPTURE_AUTORELEASING = YES;
				CLANG_WARN_BOOL_CONVERSION = YES;
				CLANG_WARN_COMMA = YES;
				CLANG_WARN_CONSTANT_CONVERSION = YES;
				CLANG_WARN_DEPRECATED_OBJC_IMPLEMENTATIONS = YES;
				CLANG_WARN_DIRECT_OBJC_ISA_USAGE = YES_ERROR;
				CLANG_WARN_DOCUMENTATION_COMMENTS = YES;
				CLANG_WARN_EMPTY_BODY = YES;
				CLANG_WARN_ENUM_CONVERSION = YES;
				CLANG_WARN_INFINITE_RECURSION = YES;
				CLANG_WARN_INT_CONVERSION = YES;
				CLANG_WARN_NON_LITERAL_NULL_CONVERSION = YES;
				CLANG_WARN_OBJC_IMPLICIT_RETAIN_SELF = YES;
				CLANG_WARN_OBJC_LITERAL_CONVERSION = YES;
				CLANG_WARN_OBJC_ROOT_CLASS = YES_ERROR;
				CLANG_WARN_QUOTED_INCLUDE_IN_FRAMEWORK_HEADER = YES;
				CLANG_WARN_RANGE_LOOP_ANALYSIS = YES;
				CLANG_WARN_STRICT_PROTOTYPES = YES;
				CLANG_WARN_SUSPICIOUS_MOVE = YES;
				CLANG_WARN_UNGUARDED_AVAILABILITY = YES_AGGRESSIVE;
				CLANG_WARN_UNREACHABLE_CODE = YES;
				CLANG_WARN__DUPLICATE_METHOD_MATCH = YES;
				COPY_PHASE_STRIP = NO;
				DEBUG_INFORMATION_FORMAT = "dwarf-with-dsym";
				ENABLE_NS_ASSERTIONS = NO;
				ENABLE_STRICT_OBJC_MSGSEND = YES;
				GCC_C_LANGUAGE_STANDARD = gnu11;
				GCC_NO_COMMON_BLOCKS = YES;
				GCC_WARN_64_TO_32_BIT_CONVERSION = YES;
				GCC_WARN_ABOUT_RETURN_TYPE = YES_ERROR;
				GCC_WARN_UNDECLARED_SELECTOR = YES;
				GCC_WARN_UNINITIALIZED_AUTOS = YES_AGGRESSIVE;
				GCC_WARN_UNUSED_FUNCTION = YES;
				GCC_WARN_UNUSED_VARIABLE = YES;
				IPHONEOS_DEPLOYMENT_TARGET = 13.0;
				MTL_ENABLE_DEBUG_INFO = NO;
				MTL_FAST_MATH = YES;
				SDKROOT = iphoneos;
				SWIFT_COMPILATION_MODE = wholemodule;
				SWIFT_OPTIMIZATION_LEVEL = "-O";
				VALIDATE_PRODUCT = YES;
			};
			name = Release;
		};
		F296C63026F39584000D7BEF /* Debug */ = {
			isa = XCBuildConfiguration;
			buildSettings = {
				ASSETCATALOG_COMPILER_APPICON_NAME = AppIcon;
				ASSETCATALOG_COMPILER_GLOBAL_ACCENT_COLOR_NAME = AccentColor;
				CODE_SIGN_STYLE = Automatic;
				DEVELOPMENT_ASSET_PATHS = "\"Map_tutorial/Preview Content\"";
				DEVELOPMENT_TEAM = 67XDG42679;
				ENABLE_PREVIEWS = YES;
				INFOPLIST_FILE = Map_tutorial/Info.plist;
				IPHONEOS_DEPLOYMENT_TARGET = 13.0;
				LD_RUNPATH_SEARCH_PATHS = (
					"$(inherited)",
					"@executable_path/Frameworks",
				);
				PRODUCT_BUNDLE_IDENTIFIER = "com.tuentuenna.Map-tutorial";
				PRODUCT_NAME = "$(TARGET_NAME)";
				SWIFT_VERSION = 5.0;
				TARGETED_DEVICE_FAMILY = "1,2";
			};
			name = Debug;
		};
		F296C63126F39584000D7BEF /* Release */ = {
			isa = XCBuildConfiguration;
			buildSettings = {
				ASSETCATALOG_COMPILER_APPICON_NAME = AppIcon;
				ASSETCATALOG_COMPILER_GLOBAL_ACCENT_COLOR_NAME = AccentColor;
				CODE_SIGN_STYLE = Automatic;
				DEVELOPMENT_ASSET_PATHS = "\"Map_tutorial/Preview Content\"";
				DEVELOPMENT_TEAM = 67XDG42679;
				ENABLE_PREVIEWS = YES;
				INFOPLIST_FILE = Map_tutorial/Info.plist;
				IPHONEOS_DEPLOYMENT_TARGET = 13.0;
				LD_RUNPATH_SEARCH_PATHS = (
					"$(inherited)",
					"@executable_path/Frameworks",
				);
				PRODUCT_BUNDLE_IDENTIFIER = "com.tuentuenna.Map-tutorial";
				PRODUCT_NAME = "$(TARGET_NAME)";
				SWIFT_VERSION = 5.0;
				TARGETED_DEVICE_FAMILY = "1,2";
			};
			name = Release;
		};
/* End XCBuildConfiguration section */

/* Begin XCConfigurationList section */
		F296C61626F39581000D7BEF /* Build configuration list for PBXProject "Map_tutorial" */ = {
			isa = XCConfigurationList;
			buildConfigurations = (
				F296C62D26F39584000D7BEF /* Debug */,
				F296C62E26F39584000D7BEF /* Release */,
			);
			defaultConfigurationIsVisible = 0;
			defaultConfigurationName = Release;
		};
		F296C62F26F39584000D7BEF /* Build configuration list for PBXNativeTarget "Map_tutorial" */ = {
			isa = XCConfigurationList;
			buildConfigurations = (
				F296C63026F39584000D7BEF /* Debug */,
				F296C63126F39584000D7BEF /* Release */,
			);
			defaultConfigurationIsVisible = 0;
			defaultConfigurationName = Release;
		};
/* End XCConfigurationList section */
	};
	rootObject = F296C61326F39581000D7BEF /* Project object */;
}
